// !$*UTF8*$!
{
	archiveVersion = 1;
	classes = {
	};
	objectVersion = 46;
	objects = {

/* Begin PBXBuildFile section */
		716A95161F1DCDFE00320A68 /* main.m in Sources */ = {isa = PBXBuildFile; fileRef = 716A95151F1DCDFE00320A68 /* main.m */; };
		716A95191F1DCDFE00320A68 /* AppDelegate.m in Sources */ = {isa = PBXBuildFile; fileRef = 716A95181F1DCDFE00320A68 /* AppDelegate.m */; };
		716A951C1F1DCDFE00320A68 /* ViewController.m in Sources */ = {isa = PBXBuildFile; fileRef = 716A951B1F1DCDFE00320A68 /* ViewController.m */; };
		716A951F1F1DCDFE00320A68 /* Main.storyboard in Resources */ = {isa = PBXBuildFile; fileRef = 716A951D1F1DCDFE00320A68 /* Main.storyboard */; };
		716A95211F1DCDFE00320A68 /* Assets.xcassets in Resources */ = {isa = PBXBuildFile; fileRef = 716A95201F1DCDFE00320A68 /* Assets.xcassets */; };
		716A95241F1DCDFE00320A68 /* LaunchScreen.storyboard in Resources */ = {isa = PBXBuildFile; fileRef = 716A95221F1DCDFE00320A68 /* LaunchScreen.storyboard */; };
		716A952F1F1DCDFE00320A68 /* YTCATransitionDemoTests.m in Sources */ = {isa = PBXBuildFile; fileRef = 716A952E1F1DCDFE00320A68 /* YTCATransitionDemoTests.m */; };
		716A953A1F1DCDFE00320A68 /* YTCATransitionDemoUITests.m in Sources */ = {isa = PBXBuildFile; fileRef = 716A95391F1DCDFE00320A68 /* YTCATransitionDemoUITests.m */; };
/* End PBXBuildFile section */

/* Begin PBXContainerItemProxy section */
		716A952B1F1DCDFE00320A68 /* PBXContainerItemProxy */ = {
			isa = PBXContainerItemProxy;
			containerPortal = 716A95091F1DCDFE00320A68 /* Project object */;
			proxyType = 1;
			remoteGlobalIDString = 716A95101F1DCDFE00320A68;
			remoteInfo = YTCATransitionDemo;
		};
		716A95361F1DCDFE00320A68 /* PBXContainerItemProxy */ = {
			isa = PBXContainerItemProxy;
			containerPortal = 716A95091F1DCDFE00320A68 /* Project object */;
			proxyType = 1;
			remoteGlobalIDString = 716A95101F1DCDFE00320A68;
			remoteInfo = YTCATransitionDemo;
		};
/* End PBXContainerItemProxy section */

/* Begin PBXFileReference section */
		716A95111F1DCDFE00320A68 /* YTCATransitionDemo.app */ = {isa = PBXFileReference; explicitFileType = wrapper.application; includeInIndex = 0; path = YTCATransitionDemo.app; sourceTree = BUILT_PRODUCTS_DIR; };
		716A95151F1DCDFE00320A68 /* main.m */ = {isa = PBXFileReference; lastKnownFileType = sourcecode.c.objc; path = main.m; sourceTree = "<group>"; };
		716A95171F1DCDFE00320A68 /* AppDelegate.h */ = {isa = PBXFileReference; lastKnownFileType = sourcecode.c.h; path = AppDelegate.h; sourceTree = "<group>"; };
		716A95181F1DCDFE00320A68 /* AppDelegate.m */ = {isa = PBXFileReference; lastKnownFileType = sourcecode.c.objc; path = AppDelegate.m; sourceTree = "<group>"; };
		716A951A1F1DCDFE00320A68 /* ViewController.h */ = {isa = PBXFileReference; lastKnownFileType = sourcecode.c.h; path = ViewController.h; sourceTree = "<group>"; };
		716A951B1F1DCDFE00320A68 /* ViewController.m */ = {isa = PBXFileReference; lastKnownFileType = sourcecode.c.objc; path = ViewController.m; sourceTree = "<group>"; };
		716A951E1F1DCDFE00320A68 /* Base */ = {isa = PBXFileReference; lastKnownFileType = file.storyboard; name = Base; path = Base.lproj/Main.storyboard; sourceTree = "<group>"; };
		716A95201F1DCDFE00320A68 /* Assets.xcassets */ = {isa = PBXFileReference; lastKnownFileType = folder.assetcatalog; path = Assets.xcassets; sourceTree = "<group>"; };
		716A95231F1DCDFE00320A68 /* Base */ = {isa = PBXFileReference; lastKnownFileType = file.storyboard; name = Base; path = Base.lproj/LaunchScreen.storyboard; sourceTree = "<group>"; };
		716A95251F1DCDFE00320A68 /* Info.plist */ = {isa = PBXFileReference; lastKnownFileType = text.plist.xml; path = Info.plist; sourceTree = "<group>"; };
		716A952A1F1DCDFE00320A68 /* YTCATransitionDemoTests.xctest */ = {isa = PBXFileReference; explicitFileType = wrapper.cfbundle; includeInIndex = 0; path = YTCATransitionDemoTests.xctest; sourceTree = BUILT_PRODUCTS_DIR; };
		716A952E1F1DCDFE00320A68 /* YTCATransitionDemoTests.m */ = {isa = PBXFileReference; lastKnownFileType = sourcecode.c.objc; path = YTCATransitionDemoTests.m; sourceTree = "<group>"; };
		716A95301F1DCDFE00320A68 /* Info.plist */ = {isa = PBXFileReference; lastKnownFileType = text.plist.xml; path = Info.plist; sourceTree = "<group>"; };
		716A95351F1DCDFE00320A68 /* YTCATransitionDemoUITests.xctest */ = {isa = PBXFileReference; explicitFileType = wrapper.cfbundle; includeInIndex = 0; path = YTCATransitionDemoUITests.xctest; sourceTree = BUILT_PRODUCTS_DIR; };
		716A95391F1DCDFE00320A68 /* YTCATransitionDemoUITests.m */ = {isa = PBXFileReference; lastKnownFileType = sourcecode.c.objc; path = YTCATransitionDemoUITests.m; sourceTree = "<group>"; };
		716A953B1F1DCDFE00320A68 /* Info.plist */ = {isa = PBXFileReference; lastKnownFileType = text.plist.xml; path = Info.plist; sourceTree = "<group>"; };
/* End PBXFileReference section */

/* Begin PBXFrameworksBuildPhase section */
		716A950E1F1DCDFE00320A68 /* Frameworks */ = {
			isa = PBXFrameworksBuildPhase;
			buildActionMask = 2147483647;
			files = (
			);
			runOnlyForDeploymentPostprocessing = 0;
		};
		716A95271F1DCDFE00320A68 /* Frameworks */ = {
			isa = PBXFrameworksBuildPhase;
			buildActionMask = 2147483647;
			files = (
			);
			runOnlyForDeploymentPostprocessing = 0;
		};
		716A95321F1DCDFE00320A68 /* Frameworks */ = {
			isa = PBXFrameworksBuildPhase;
			buildActionMask = 2147483647;
			files = (
			);
			runOnlyForDeploymentPostprocessing = 0;
		};
/* End PBXFrameworksBuildPhase section */

/* Begin PBXGroup section */
		716A95081F1DCDFE00320A68 = {
			isa = PBXGroup;
			children = (
				716A95131F1DCDFE00320A68 /* YTCATransitionDemo */,
				716A952D1F1DCDFE00320A68 /* YTCATransitionDemoTests */,
				716A95381F1DCDFE00320A68 /* YTCATransitionDemoUITests */,
				716A95121F1DCDFE00320A68 /* Products */,
			);
			sourceTree = "<group>";
		};
		716A95121F1DCDFE00320A68 /* Products */ = {
			isa = PBXGroup;
			children = (
				716A95111F1DCDFE00320A68 /* YTCATransitionDemo.app */,
				716A952A1F1DCDFE00320A68 /* YTCATransitionDemoTests.xctest */,
				716A95351F1DCDFE00320A68 /* YTCATransitionDemoUITests.xctest */,
			);
			name = Products;
			sourceTree = "<group>";
		};
		716A95131F1DCDFE00320A68 /* YTCATransitionDemo */ = {
			isa = PBXGroup;
			children = (
				716A95171F1DCDFE00320A68 /* AppDelegate.h */,
				716A95181F1DCDFE00320A68 /* AppDelegate.m */,
				716A951A1F1DCDFE00320A68 /* ViewController.h */,
				716A951B1F1DCDFE00320A68 /* ViewController.m */,
				716A951D1F1DCDFE00320A68 /* Main.storyboard */,
				716A95201F1DCDFE00320A68 /* Assets.xcassets */,
				716A95221F1DCDFE00320A68 /* LaunchScreen.storyboard */,
				716A95251F1DCDFE00320A68 /* Info.plist */,
				716A95141F1DCDFE00320A68 /* Supporting Files */,
			);
			path = YTCATransitionDemo;
			sourceTree = "<group>";
		};
		716A95141F1DCDFE00320A68 /* Supporting Files */ = {
			isa = PBXGroup;
			children = (
				716A95151F1DCDFE00320A68 /* main.m */,
			);
			name = "Supporting Files";
			sourceTree = "<group>";
		};
		716A952D1F1DCDFE00320A68 /* YTCATransitionDemoTests */ = {
			isa = PBXGroup;
			children = (
				716A952E1F1DCDFE00320A68 /* YTCATransitionDemoTests.m */,
				716A95301F1DCDFE00320A68 /* Info.plist */,
			);
			path = YTCATransitionDemoTests;
			sourceTree = "<group>";
		};
		716A95381F1DCDFE00320A68 /* YTCATransitionDemoUITests */ = {
			isa = PBXGroup;
			children = (
				716A95391F1DCDFE00320A68 /* YTCATransitionDemoUITests.m */,
				716A953B1F1DCDFE00320A68 /* Info.plist */,
			);
			path = YTCATransitionDemoUITests;
			sourceTree = "<group>";
		};
/* End PBXGroup section */

/* Begin PBXNativeTarget section */
		716A95101F1DCDFE00320A68 /* YTCATransitionDemo */ = {
			isa = PBXNativeTarget;
			buildConfigurationList = 716A953E1F1DCDFE00320A68 /* Build configuration list for PBXNativeTarget "YTCATransitionDemo" */;
			buildPhases = (
				716A950D1F1DCDFE00320A68 /* Sources */,
				716A950E1F1DCDFE00320A68 /* Frameworks */,
				716A950F1F1DCDFE00320A68 /* Resources */,
			);
			buildRules = (
			);
			dependencies = (
			);
			name = YTCATransitionDemo;
			productName = YTCATransitionDemo;
			productReference = 716A95111F1DCDFE00320A68 /* YTCATransitionDemo.app */;
			productType = "com.apple.product-type.application";
		};
		716A95291F1DCDFE00320A68 /* YTCATransitionDemoTests */ = {
			isa = PBXNativeTarget;
			buildConfigurationList = 716A95411F1DCDFE00320A68 /* Build configuration list for PBXNativeTarget "YTCATransitionDemoTests" */;
			buildPhases = (
				716A95261F1DCDFE00320A68 /* Sources */,
				716A95271F1DCDFE00320A68 /* Frameworks */,
				716A95281F1DCDFE00320A68 /* Resources */,
			);
			buildRules = (
			);
			dependencies = (
				716A952C1F1DCDFE00320A68 /* PBXTargetDependency */,
			);
			name = YTCATransitionDemoTests;
			productName = YTCATransitionDemoTests;
			productReference = 716A952A1F1DCDFE00320A68 /* YTCATransitionDemoTests.xctest */;
			productType = "com.apple.product-type.bundle.unit-test";
		};
		716A95341F1DCDFE00320A68 /* YTCATransitionDemoUITests */ = {
			isa = PBXNativeTarget;
			buildConfigurationList = 716A95441F1DCDFE00320A68 /* Build configuration list for PBXNativeTarget "YTCATransitionDemoUITests" */;
			buildPhases = (
				716A95311F1DCDFE00320A68 /* Sources */,
				716A95321F1DCDFE00320A68 /* Frameworks */,
				716A95331F1DCDFE00320A68 /* Resources */,
			);
			buildRules = (
			);
			dependencies = (
				716A95371F1DCDFE00320A68 /* PBXTargetDependency */,
			);
			name = YTCATransitionDemoUITests;
			productName = YTCATransitionDemoUITests;
			productReference = 716A95351F1DCDFE00320A68 /* YTCATransitionDemoUITests.xctest */;
			productType = "com.apple.product-type.bundle.ui-testing";
		};
/* End PBXNativeTarget section */

/* Begin PBXProject section */
		716A95091F1DCDFE00320A68 /* Project object */ = {
			isa = PBXProject;
			attributes = {
				LastUpgradeCheck = 0830;
				ORGANIZATIONNAME = TonyAng;
				TargetAttributes = {
					716A95101F1DCDFE00320A68 = {
						CreatedOnToolsVersion = 8.3.2;
						DevelopmentTeam = WEEDGBG93S;
						ProvisioningStyle = Automatic;
					};
					716A95291F1DCDFE00320A68 = {
						CreatedOnToolsVersion = 8.3.2;
						DevelopmentTeam = WEEDGBG93S;
						ProvisioningStyle = Automatic;
						TestTargetID = 716A95101F1DCDFE00320A68;
					};
					716A95341F1DCDFE00320A68 = {
						CreatedOnToolsVersion = 8.3.2;
						DevelopmentTeam = WEEDGBG93S;
						ProvisioningStyle = Automatic;
						TestTargetID = 716A95101F1DCDFE00320A68;
					};
				};
			};
			buildConfigurationList = 716A950C1F1DCDFE00320A68 /* Build configuration list for PBXProject "YTCATransitionDemo" */;
			compatibilityVersion = "Xcode 3.2";
			developmentRegion = English;
			hasScannedForEncodings = 0;
			knownRegions = (
				en,
				Base,
			);
			mainGroup = 716A95081F1DCDFE00320A68;
			productRefGroup = 716A95121F1DCDFE00320A68 /* Products */;
			projectDirPath = "";
			projectRoot = "";
			targets = (
				716A95101F1DCDFE00320A68 /* YTCATransitionDemo */,
				716A95291F1DCDFE00320A68 /* YTCATransitionDemoTests */,
				716A95341F1DCDFE00320A68 /* YTCATransitionDemoUITests */,
			);
		};
/* End PBXProject section */

/* Begin PBXResourcesBuildPhase section */
		716A950F1F1DCDFE00320A68 /* Resources */ = {
			isa = PBXResourcesBuildPhase;
			buildActionMask = 2147483647;
			files = (
				716A95241F1DCDFE00320A68 /* LaunchScreen.storyboard in Resources */,
				716A95211F1DCDFE00320A68 /* Assets.xcassets in Resources */,
				716A951F1F1DCDFE00320A68 /* Main.storyboard in Resources */,
			);
			runOnlyForDeploymentPostprocessing = 0;
		};
		716A95281F1DCDFE00320A68 /* Resources */ = {
			isa = PBXResourcesBuildPhase;
			buildActionMask = 2147483647;
			files = (
			);
			runOnlyForDeploymentPostprocessing = 0;
		};
		716A95331F1DCDFE00320A68 /* Resources */ = {
			isa = PBXResourcesBuildPhase;
			buildActionMask = 2147483647;
			files = (
			);
			runOnlyForDeploymentPostprocessing = 0;
		};
/* End PBXResourcesBuildPhase section */

/* Begin PBXSourcesBuildPhase section */
		716A950D1F1DCDFE00320A68 /* Sources */ = {
			isa = PBXSourcesBuildPhase;
			buildActionMask = 2147483647;
			files = (
				716A951C1F1DCDFE00320A68 /* ViewController.m in Sources */,
				716A95191F1DCDFE00320A68 /* AppDelegate.m in Sources */,
				716A95161F1DCDFE00320A68 /* main.m in Sources */,
			);
			runOnlyForDeploymentPostprocessing = 0;
		};
		716A95261F1DCDFE00320A68 /* Sources */ = {
			isa = PBXSourcesBuildPhase;
			buildActionMask = 2147483647;
			files = (
				716A952F1F1DCDFE00320A68 /* YTCATransitionDemoTests.m in Sources */,
			);
			runOnlyForDeploymentPostprocessing = 0;
		};
		716A95311F1DCDFE00320A68 /* Sources */ = {
			isa = PBXSourcesBuildPhase;
			buildActionMask = 2147483647;
			files = (
				716A953A1F1DCDFE00320A68 /* YTCATransitionDemoUITests.m in Sources */,
			);
			runOnlyForDeploymentPostprocessing = 0;
		};
/* End PBXSourcesBuildPhase section */

/* Begin PBXTargetDependency section */
		716A952C1F1DCDFE00320A68 /* PBXTargetDependency */ = {
			isa = PBXTargetDependency;
			target = 716A95101F1DCDFE00320A68 /* YTCATransitionDemo */;
			targetProxy = 716A952B1F1DCDFE00320A68 /* PBXContainerItemProxy */;
		};
		716A95371F1DCDFE00320A68 /* PBXTargetDependency */ = {
			isa = PBXTargetDependency;
			target = 716A95101F1DCDFE00320A68 /* YTCATransitionDemo */;
			targetProxy = 716A95361F1DCDFE00320A68 /* PBXContainerItemProxy */;
		};
/* End PBXTargetDependency section */

/* Begin PBXVariantGroup section */
		716A951D1F1DCDFE00320A68 /* Main.storyboard */ = {
			isa = PBXVariantGroup;
			children = (
				716A951E1F1DCDFE00320A68 /* Base */,
			);
			name = Main.storyboard;
			sourceTree = "<group>";
		};
		716A95221F1DCDFE00320A68 /* LaunchScreen.storyboard */ = {
			isa = PBXVariantGroup;
			children = (
				716A95231F1DCDFE00320A68 /* Base */,
			);
			name = LaunchScreen.storyboard;
			sourceTree = "<group>";
		};
/* End PBXVariantGroup section */

/* Begin XCBuildConfiguration section */
		716A953C1F1DCDFE00320A68 /* Debug */ = {
			isa = XCBuildConfiguration;
			buildSettings = {
				ALWAYS_SEARCH_USER_PATHS = NO;
				CLANG_ANALYZER_NONNULL = YES;
				CLANG_ANALYZER_NUMBER_OBJECT_CONVERSION = YES_AGGRESSIVE;
				CLANG_CXX_LANGUAGE_STANDARD = "gnu++0x";
				CLANG_CXX_LIBRARY = "libc++";
				CLANG_ENABLE_MODULES = YES;
				CLANG_ENABLE_OBJC_ARC = YES;
				CLANG_WARN_BOOL_CONVERSION = YES;
				CLANG_WARN_CONSTANT_CONVERSION = YES;
				CLANG_WARN_DIRECT_OBJC_ISA_USAGE = YES_ERROR;
				CLANG_WARN_DOCUMENTATION_COMMENTS = YES;
				CLANG_WARN_EMPTY_BODY = YES;
				CLANG_WARN_ENUM_CONVERSION = YES;
				CLANG_WARN_INFINITE_RECURSION = YES;
				CLANG_WARN_INT_CONVERSION = YES;
				CLANG_WARN_OBJC_ROOT_CLASS = YES_ERROR;
				CLANG_WARN_SUSPICIOUS_MOVE = YES;
				CLANG_WARN_UNREACHABLE_CODE = YES;
				CLANG_WARN__DUPLICATE_METHOD_MATCH = YES;
				"CODE_SIGN_IDENTITY[sdk=iphoneos*]" = "iPhone Developer";
				COPY_PHASE_STRIP = NO;
				DEBUG_INFORMATION_FORMAT = dwarf;
				ENABLE_STRICT_OBJC_MSGSEND = YES;
				ENABLE_TESTABILITY = YES;
				GCC_C_LANGUAGE_STANDARD = gnu99;
				GCC_DYNAMIC_NO_PIC = NO;
				GCC_NO_COMMON_BLOCKS = YES;
				GCC_OPTIMIZATION_LEVEL = 0;
				GCC_PREPROCESSOR_DEFINITIONS = (
					"DEBUG=1",
					"$(inherited)",
				);
				GCC_WARN_64_TO_32_BIT_CONVERSION = YES;
				GCC_WARN_ABOUT_RETURN_TYPE = YES_ERROR;
				GCC_WARN_UNDECLARED_SELECTOR = YES;
				GCC_WARN_UNINITIALIZED_AUTOS = YES_AGGRESSIVE;
				GCC_WARN_UNUSED_FUNCTION = YES;
				GCC_WARN_UNUSED_VARIABLE = YES;
				IPHONEOS_DEPLOYMENT_TARGET = 10.3;
				MTL_ENABLE_DEBUG_INFO = YES;
				ONLY_ACTIVE_ARCH = YES;
				SDKROOT = iphoneos;
				TARGETED_DEVICE_FAMILY = "1,2";
			};
			name = Debug;
		};
		716A953D1F1DCDFE00320A68 /* Release */ = {
			isa = XCBuildConfiguration;
			buildSettings = {
				ALWAYS_SEARCH_USER_PATHS = NO;
				CLANG_ANALYZER_NONNULL = YES;
				CLANG_ANALYZER_NUMBER_OBJECT_CONVERSION = YES_AGGRESSIVE;
				CLANG_CXX_LANGUAGE_STANDARD = "gnu++0x";
				CLANG_CXX_LIBRARY = "libc++";
				CLANG_ENABLE_MODULES = YES;
				CLANG_ENABLE_OBJC_ARC = YES;
				CLANG_WARN_BOOL_CONVERSION = YES;
				CLANG_WARN_CONSTANT_CONVERSION = YES;
				CLANG_WARN_DIRECT_OBJC_ISA_USAGE = YES_ERROR;
				CLANG_WARN_DOCUMENTATION_COMMENTS = YES;
				CLANG_WARN_EMPTY_BODY = YES;
				CLANG_WARN_ENUM_CONVERSION = YES;
				CLANG_WARN_INFINITE_RECURSION = YES;
				CLANG_WARN_INT_CONVERSION = YES;
				CLANG_WARN_OBJC_ROOT_CLASS = YES_ERROR;
				CLANG_WARN_SUSPICIOUS_MOVE = YES;
				CLANG_WARN_UNREACHABLE_CODE = YES;
				CLANG_WARN__DUPLICATE_METHOD_MATCH = YES;
				"CODE_SIGN_IDENTITY[sdk=iphoneos*]" = "iPhone Developer";
				COPY_PHASE_STRIP = NO;
				DEBUG_INFORMATION_FORMAT = "dwarf-with-dsym";
				ENABLE_NS_ASSERTIONS = NO;
				ENABLE_STRICT_OBJC_MSGSEND = YES;
				GCC_C_LANGUAGE_STANDARD = gnu99;
				GCC_NO_COMMON_BLOCKS = YES;
				GCC_WARN_64_TO_32_BIT_CONVERSION = YES;
				GCC_WARN_ABOUT_RETURN_TYPE = YES_ERROR;
				GCC_WARN_UNDECLARED_SELECTOR = YES;
				GCC_WARN_UNINITIALIZED_AUTOS = YES_AGGRESSIVE;
				GCC_WARN_UNUSED_FUNCTION = YES;
				GCC_WARN_UNUSED_VARIABLE = YES;
				IPHONEOS_DEPLOYMENT_TARGET = 10.3;
				MTL_ENABLE_DEBUG_INFO = NO;
				SDKROOT = iphoneos;
				TARGETED_DEVICE_FAMILY = "1,2";
				VALIDATE_PRODUCT = YES;
			};
			name = Release;
		};
		716A953F1F1DCDFE00320A68 /* Debug */ = {
			isa = XCBuildConfiguration;
			buildSettings = {
				ASSETCATALOG_COMPILER_APPICON_NAME = AppIcon;
				DEVELOPMENT_TEAM = WEEDGBG93S;
				INFOPLIST_FILE = YTCATransitionDemo/Info.plist;
				LD_RUNPATH_SEARCH_PATHS = "$(inherited) @executable_path/Frameworks";
				PRODUCT_BUNDLE_IDENTIFIER = TonyAng.YTCATransitionDemo;
				PRODUCT_NAME = "$(TARGET_NAME)";
			};
			name = Debug;
		};
		716A95401F1DCDFE00320A68 /* Release */ = {
			isa = XCBuildConfiguration;
			buildSettings = {
				ASSETCATALOG_COMPILER_APPICON_NAME = AppIcon;
				DEVELOPMENT_TEAM = WEEDGBG93S;
				INFOPLIST_FILE = YTCATransitionDemo/Info.plist;
				LD_RUNPATH_SEARCH_PATHS = "$(inherited) @executable_path/Frameworks";
				PRODUCT_BUNDLE_IDENTIFIER = TonyAng.YTCATransitionDemo;
				PRODUCT_NAME = "$(TARGET_NAME)";
			};
			name = Release;
		};
		716A95421F1DCDFE00320A68 /* Debug */ = {
			isa = XCBuildConfiguration;
			buildSettings = {
				BUNDLE_LOADER = "$(TEST_HOST)";
				DEVELOPMENT_TEAM = WEEDGBG93S;
				INFOPLIST_FILE = YTCATransitionDemoTests/Info.plist;
				LD_RUNPATH_SEARCH_PATHS = "$(inherited) @executable_path/Frameworks @loader_path/Frameworks";
				PRODUCT_BUNDLE_IDENTIFIER = TonyAng.YTCATransitionDemoTests;
				PRODUCT_NAME = "$(TARGET_NAME)";
				TEST_HOST = "$(BUILT_PRODUCTS_DIR)/YTCATransitionDemo.app/YTCATransitionDemo";
			};
			name = Debug;
		};
		716A95431F1DCDFE00320A68 /* Release */ = {
			isa = XCBuildConfiguration;
			buildSettings = {
				BUNDLE_LOADER = "$(TEST_HOST)";
				DEVELOPMENT_TEAM = WEEDGBG93S;
				INFOPLIST_FILE = YTCATransitionDemoTests/Info.plist;
				LD_RUNPATH_SEARCH_PATHS = "$(inherited) @executable_path/Frameworks @loader_path/Frameworks";
				PRODUCT_BUNDLE_IDENTIFIER = TonyAng.YTCATransitionDemoTests;
				PRODUCT_NAME = "$(TARGET_NAME)";
				TEST_HOST = "$(BUILT_PRODUCTS_DIR)/YTCATransitionDemo.app/YTCATransitionDemo";
			};
			name = Release;
		};
		716A95451F1DCDFE00320A68 /* Debug */ = {
			isa = XCBuildConfiguration;
			buildSettings = {
				DEVELOPMENT_TEAM = WEEDGBG93S;
				INFOPLIST_FILE = YTCATransitionDemoUITests/Info.plist;
				LD_RUNPATH_SEARCH_PATHS = "$(inherited) @executable_path/Frameworks @loader_path/Frameworks";
				PRODUCT_BUNDLE_IDENTIFIER = TonyAng.YTCATransitionDemoUITests;
				PRODUCT_NAME = "$(TARGET_NAME)";
				TEST_TARGET_NAME = YTCATransitionDemo;
			};
			name = Debug;
		};
		716A95461F1DCDFE00320A68 /* Release */ = {
			isa = XCBuildConfiguration;
			buildSettings = {
				DEVELOPMENT_TEAM = WEEDGBG93S;
				INFOPLIST_FILE = YTCATransitionDemoUITests/Info.plist;
				LD_RUNPATH_SEARCH_PATHS = "$(inherited) @executable_path/Frameworks @loader_path/Frameworks";
				PRODUCT_BUNDLE_IDENTIFIER = TonyAng.YTCATransitionDemoUITests;
				PRODUCT_NAME = "$(TARGET_NAME)";
				TEST_TARGET_NAME = YTCATransitionDemo;
			};
			name = Release;
		};
/* End XCBuildConfiguration section */

/* Begin XCConfigurationList section */
		716A950C1F1DCDFE00320A68 /* Build configuration list for PBXProject "YTCATransitionDemo" */ = {
			isa = XCConfigurationList;
			buildConfigurations = (
				716A953C1F1DCDFE00320A68 /* Debug */,
				716A953D1F1DCDFE00320A68 /* Release */,
			);
			defaultConfigurationIsVisible = 0;
			defaultConfigurationName = Release;
		};
		716A953E1F1DCDFE00320A68 /* Build configuration list for PBXNativeTarget "YTCATransitionDemo" */ = {
			isa = XCConfigurationList;
			buildConfigurations = (
				716A953F1F1DCDFE00320A68 /* Debug */,
				716A95401F1DCDFE00320A68 /* Release */,
			);
			defaultConfigurationIsVisible = 0;
		};
		716A95411F1DCDFE00320A68 /* Build configuration list for PBXNativeTarget "YTCATransitionDemoTests" */ = {
			isa = XCConfigurationList;
			buildConfigurations = (
				716A95421F1DCDFE00320A68 /* Debug */,
				716A95431F1DCDFE00320A68 /* Release */,
			);
			defaultConfigurationIsVisible = 0;
		};
		716A95441F1DCDFE00320A68 /* Build configuration list for PBXNativeTarget "YTCATransitionDemoUITests" */ = {
			isa = XCConfigurationList;
			buildConfigurations = (
				716A95451F1DCDFE00320A68 /* Debug */,
				716A95461F1DCDFE00320A68 /* Release */,
			);
			defaultConfigurationIsVisible = 0;
		};
/* End XCConfigurationList section */
	};
	rootObject = 716A95091F1DCDFE00320A68 /* Project object */;
}
